version = 1
requires-python = ">=3.10"
resolution-markers = [
    "python_full_version < '3.13'",
    "python_full_version >= '3.13'",
]

[[package]]
name = "annotated-types"
version = "0.7.0"
source = { registry = "https://pypi.org/simple" }
sdist = { url = "https://files.pythonhosted.org/packages/ee/67/531ea369ba64dcff5ec9c3402f9f51bf748cec26dde048a2f973a4eea7f5/annotated_types-0.7.0.tar.gz", hash = "sha256:aff07c09a53a08bc8cfccb9c85b05f1aa9a2a6f23728d790723543408344ce89", size = 16081 }
wheels = [
    { url = "https://files.pythonhosted.org/packages/78/b6/6307fbef88d9b5ee7421e68d78a9f162e0da4900bc5f5793f6d3d0e34fb8/annotated_types-0.7.0-py3-none-any.whl", hash = "sha256:1f02e8b43a8fbbc3f3e0d4f0f4bfc8131bcb4eebe8849b8e5c773f3a1c582a53", size = 13643 },
]

[[package]]
name = "anyio"
version = "4.6.2.post1"
source = { registry = "https://pypi.org/simple" }
dependencies = [
    { name = "exceptiongroup", marker = "python_full_version < '3.11'" },
    { name = "idna" },
    { name = "sniffio" },
    { name = "typing-extensions", marker = "python_full_version < '3.11'" },
]
sdist = { url = "https://files.pythonhosted.org/packages/9f/09/45b9b7a6d4e45c6bcb5bf61d19e3ab87df68e0601fa8c5293de3542546cc/anyio-4.6.2.post1.tar.gz", hash = "sha256:4c8bc31ccdb51c7f7bd251f51c609e038d63e34219b44aa86e47576389880b4c", size = 173422 }
wheels = [
    { url = "https://files.pythonhosted.org/packages/e4/f5/f2b75d2fc6f1a260f340f0e7c6a060f4dd2961cc16884ed851b0d18da06a/anyio-4.6.2.post1-py3-none-any.whl", hash = "sha256:6d170c36fba3bdd840c73d3868c1e777e33676a69c3a72cf0a0d5d6d8009b61d", size = 90377 },
]

[[package]]
name = "asgiref"
version = "3.8.1"
source = { registry = "https://pypi.org/simple" }
dependencies = [
    { name = "typing-extensions", marker = "python_full_version < '3.11'" },
]
sdist = { url = "https://files.pythonhosted.org/packages/29/38/b3395cc9ad1b56d2ddac9970bc8f4141312dbaec28bc7c218b0dfafd0f42/asgiref-3.8.1.tar.gz", hash = "sha256:c343bd80a0bec947a9860adb4c432ffa7db769836c64238fc34bdc3fec84d590", size = 35186 }
wheels = [
    { url = "https://files.pythonhosted.org/packages/39/e3/893e8757be2612e6c266d9bb58ad2e3651524b5b40cf56761e985a28b13e/asgiref-3.8.1-py3-none-any.whl", hash = "sha256:3e1e3ecc849832fe52ccf2cb6686b7a55f82bb1d6aee72a58826471390335e47", size = 23828 },
]

[[package]]
name = "certifi"
version = "2024.8.30"
source = { registry = "https://pypi.org/simple" }
sdist = { url = "https://files.pythonhosted.org/packages/b0/ee/9b19140fe824b367c04c5e1b369942dd754c4c5462d5674002f75c4dedc1/certifi-2024.8.30.tar.gz", hash = "sha256:bec941d2aa8195e248a60b31ff9f0558284cf01a52591ceda73ea9afffd69fd9", size = 168507 }
wheels = [
    { url = "https://files.pythonhosted.org/packages/12/90/3c9ff0512038035f59d279fddeb79f5f1eccd8859f06d6163c58798b9487/certifi-2024.8.30-py3-none-any.whl", hash = "sha256:922820b53db7a7257ffbda3f597266d435245903d80737e34f8a45ff3e3230d8", size = 167321 },
]

[[package]]
name = "click"
version = "8.1.7"
source = { registry = "https://pypi.org/simple" }
dependencies = [
    { name = "colorama", marker = "platform_system == 'Windows'" },
]
sdist = { url = "https://files.pythonhosted.org/packages/96/d3/f04c7bfcf5c1862a2a5b845c6b2b360488cf47af55dfa79c98f6a6bf98b5/click-8.1.7.tar.gz", hash = "sha256:ca9853ad459e787e2192211578cc907e7594e294c7ccc834310722b41b9ca6de", size = 336121 }
wheels = [
    { url = "https://files.pythonhosted.org/packages/00/2e/d53fa4befbf2cfa713304affc7ca780ce4fc1fd8710527771b58311a3229/click-8.1.7-py3-none-any.whl", hash = "sha256:ae74fb96c20a0277a1d615f1e4d73c8414f5a98db8b799a7931d1582f3390c28", size = 97941 },
]

[[package]]
name = "colorama"
version = "0.4.6"
source = { registry = "https://pypi.org/simple" }
sdist = { url = "https://files.pythonhosted.org/packages/d8/53/6f443c9a4a8358a93a6792e2acffb9d9d5cb0a5cfd8802644b7b1c9a02e4/colorama-0.4.6.tar.gz", hash = "sha256:08695f5cb7ed6e0531a20572697297273c47b8cae5a63ffc6d6ed5c201be6e44", size = 27697 }
wheels = [
    { url = "https://files.pythonhosted.org/packages/d1/d6/3965ed04c63042e047cb6a3e6ed1a63a35087b6a609aa3a15ed8ac56c221/colorama-0.4.6-py2.py3-none-any.whl", hash = "sha256:4f1d9991f5acc0ca119f9d443620b77f9d6b33703e51011c16baf57afb285fc6", size = 25335 },
]

[[package]]
name = "deprecated"
version = "1.2.14"
source = { registry = "https://pypi.org/simple" }
dependencies = [
    { name = "wrapt" },
]
sdist = { url = "https://files.pythonhosted.org/packages/92/14/1e41f504a246fc224d2ac264c227975427a85caf37c3979979edb9b1b232/Deprecated-1.2.14.tar.gz", hash = "sha256:e5323eb936458dccc2582dc6f9c322c852a775a27065ff2b0c4970b9d53d01b3", size = 2974416 }
wheels = [
    { url = "https://files.pythonhosted.org/packages/20/8d/778b7d51b981a96554f29136cd59ca7880bf58094338085bcf2a979a0e6a/Deprecated-1.2.14-py2.py3-none-any.whl", hash = "sha256:6fac8b097794a90302bdbb17b9b815e732d3c4720583ff1b198499d78470466c", size = 9561 },
]

[[package]]
name = "docstring-parser"
version = "0.16"
source = { registry = "https://pypi.org/simple" }
sdist = { url = "https://files.pythonhosted.org/packages/08/12/9c22a58c0b1e29271051222d8906257616da84135af9ed167c9e28f85cb3/docstring_parser-0.16.tar.gz", hash = "sha256:538beabd0af1e2db0146b6bd3caa526c35a34d61af9fd2887f3a8a27a739aa6e", size = 26565 }
wheels = [
    { url = "https://files.pythonhosted.org/packages/d5/7c/e9fcff7623954d86bdc17782036cbf715ecab1bec4847c008557affe1ca8/docstring_parser-0.16-py3-none-any.whl", hash = "sha256:bf0a1387354d3691d102edef7ec124f219ef639982d096e26e3b60aeffa90637", size = 36533 },
]

[[package]]
name = "exceptiongroup"
version = "1.2.2"
source = { registry = "https://pypi.org/simple" }
sdist = { url = "https://files.pythonhosted.org/packages/09/35/2495c4ac46b980e4ca1f6ad6db102322ef3ad2410b79fdde159a4b0f3b92/exceptiongroup-1.2.2.tar.gz", hash = "sha256:47c2edf7c6738fafb49fd34290706d1a1a2f4d1c6df275526b62cbb4aa5393cc", size = 28883 }
wheels = [
    { url = "https://files.pythonhosted.org/packages/02/cc/b7e31358aac6ed1ef2bb790a9746ac2c69bcb3c8588b41616914eb106eaf/exceptiongroup-1.2.2-py3-none-any.whl", hash = "sha256:3111b9d131c238bec2f8f516e123e14ba243563fb135d3fe885990585aa7795b", size = 16453 },
]

[[package]]
name = "fastapi"
version = "0.115.3"
source = { registry = "https://pypi.org/simple" }
dependencies = [
    { name = "pydantic" },
    { name = "starlette" },
    { name = "typing-extensions" },
]
sdist = { url = "https://files.pythonhosted.org/packages/a9/ce/b64ce344d7b13c0768dc5b131a69d52f57202eb85839408a7637ca0dd7e2/fastapi-0.115.3.tar.gz", hash = "sha256:c091c6a35599c036d676fa24bd4a6e19fa30058d93d950216cdc672881f6f7db", size = 300453 }
wheels = [
    { url = "https://files.pythonhosted.org/packages/57/95/4c5b79e7ca1f7b372d16a32cad7c9cc6c3c899200bed8f45739f4415cfae/fastapi-0.115.3-py3-none-any.whl", hash = "sha256:8035e8f9a2b0aa89cea03b6c77721178ed5358e1aea4cd8570d9466895c0638c", size = 94647 },
]

[[package]]
name = "h11"
version = "0.14.0"
source = { registry = "https://pypi.org/simple" }
sdist = { url = "https://files.pythonhosted.org/packages/f5/38/3af3d3633a34a3316095b39c8e8fb4853a28a536e55d347bd8d8e9a14b03/h11-0.14.0.tar.gz", hash = "sha256:8f19fbbe99e72420ff35c00b27a34cb9937e902a8b810e2c88300c6f0a3b699d", size = 100418 }
wheels = [
    { url = "https://files.pythonhosted.org/packages/95/04/ff642e65ad6b90db43e668d70ffb6736436c7ce41fcc549f4e9472234127/h11-0.14.0-py3-none-any.whl", hash = "sha256:e3fe4ac4b851c468cc8363d500db52c2ead036020723024a109d37346efaa761", size = 58259 },
]

[[package]]
name = "httpcore"
version = "1.0.6"
source = { registry = "https://pypi.org/simple" }
dependencies = [
    { name = "certifi" },
    { name = "h11" },
]
sdist = { url = "https://files.pythonhosted.org/packages/b6/44/ed0fa6a17845fb033bd885c03e842f08c1b9406c86a2e60ac1ae1b9206a6/httpcore-1.0.6.tar.gz", hash = "sha256:73f6dbd6eb8c21bbf7ef8efad555481853f5f6acdeaff1edb0694289269ee17f", size = 85180 }
wheels = [
    { url = "https://files.pythonhosted.org/packages/06/89/b161908e2f51be56568184aeb4a880fd287178d176fd1c860d2217f41106/httpcore-1.0.6-py3-none-any.whl", hash = "sha256:27b59625743b85577a8c0e10e55b50b5368a4f2cfe8cc7bcfa9cf00829c2682f", size = 78011 },
]

[[package]]
name = "httpx"
version = "0.27.2"
source = { registry = "https://pypi.org/simple" }
dependencies = [
    { name = "anyio" },
    { name = "certifi" },
    { name = "httpcore" },
    { name = "idna" },
    { name = "sniffio" },
]
sdist = { url = "https://files.pythonhosted.org/packages/78/82/08f8c936781f67d9e6b9eeb8a0c8b4e406136ea4c3d1f89a5db71d42e0e6/httpx-0.27.2.tar.gz", hash = "sha256:f7c2be1d2f3c3c3160d441802406b206c2b76f5947b11115e6df10c6c65e66c2", size = 144189 }
wheels = [
    { url = "https://files.pythonhosted.org/packages/56/95/9377bcb415797e44274b51d46e3249eba641711cf3348050f76ee7b15ffc/httpx-0.27.2-py3-none-any.whl", hash = "sha256:7bb2708e112d8fdd7829cd4243970f0c223274051cb35ee80c03301ee29a3df0", size = 76395 },
]

[[package]]
name = "hype"
version = "0.0.1"
source = { editable = "." }
dependencies = [
    { name = "docstring-parser" },
    { name = "pydantic" },
]

[package.optional-dependencies]
http = [
    { name = "fastapi" },
    { name = "httpx" },
    { name = "opentelemetry-instrumentation-fastapi" },
    { name = "uvicorn" },
]
testing = [
    { name = "pytest" },
]

[package.metadata]
requires-dist = [
    { name = "docstring-parser", specifier = ">=0.16" },
    { name = "fastapi", marker = "extra == 'http'", specifier = ">=0.100.0" },
    { name = "httpx", marker = "extra == 'http'", specifier = ">=0.27.2" },
    { name = "opentelemetry-instrumentation-fastapi", marker = "extra == 'http'" },
    { name = "pydantic", specifier = ">=2.0" },
    { name = "pytest", marker = "extra == 'testing'" },
    { name = "uvicorn", marker = "extra == 'http'" },
]

[[package]]
name = "idna"
version = "3.10"
source = { registry = "https://pypi.org/simple" }
sdist = { url = "https://files.pythonhosted.org/packages/f1/70/7703c29685631f5a7590aa73f1f1d3fa9a380e654b86af429e0934a32f7d/idna-3.10.tar.gz", hash = "sha256:12f65c9b470abda6dc35cf8e63cc574b1c52b11df2c86030af0ac09b01b13ea9", size = 190490 }
wheels = [
    { url = "https://files.pythonhosted.org/packages/76/c6/c88e154df9c4e1a2a66ccf0005a88dfb2650c1dffb6f5ce603dfbd452ce3/idna-3.10-py3-none-any.whl", hash = "sha256:946d195a0d259cbba61165e88e65941f16e9b36ea6ddb97f00452bae8b1287d3", size = 70442 },
]

[[package]]
name = "importlib-metadata"
version = "8.4.0"
source = { registry = "https://pypi.org/simple" }
dependencies = [
    { name = "zipp" },
]
sdist = { url = "https://files.pythonhosted.org/packages/c0/bd/fa8ce65b0a7d4b6d143ec23b0f5fd3f7ab80121078c465bc02baeaab22dc/importlib_metadata-8.4.0.tar.gz", hash = "sha256:9a547d3bc3608b025f93d403fdd1aae741c24fbb8314df4b155675742ce303c5", size = 54320 }
wheels = [
    { url = "https://files.pythonhosted.org/packages/c0/14/362d31bf1076b21e1bcdcb0dc61944822ff263937b804a79231df2774d28/importlib_metadata-8.4.0-py3-none-any.whl", hash = "sha256:66f342cc6ac9818fc6ff340576acd24d65ba0b3efabb2b4ac08b598965a4a2f1", size = 26269 },
]

[[package]]
name = "iniconfig"
version = "2.0.0"
source = { registry = "https://pypi.org/simple" }
sdist = { url = "https://files.pythonhosted.org/packages/d7/4b/cbd8e699e64a6f16ca3a8220661b5f83792b3017d0f79807cb8708d33913/iniconfig-2.0.0.tar.gz", hash = "sha256:2d91e135bf72d31a410b17c16da610a82cb55f6b0477d1a902134b24a455b8b3", size = 4646 }
wheels = [
    { url = "https://files.pythonhosted.org/packages/ef/a6/62565a6e1cf69e10f5727360368e451d4b7f58beeac6173dc9db836a5b46/iniconfig-2.0.0-py3-none-any.whl", hash = "sha256:b6a85871a79d2e3b22d2d1b94ac2824226a63c6b741c88f7ae975f18b6778374", size = 5892 },
]

[[package]]
name = "opentelemetry-api"
version = "1.27.0"
source = { registry = "https://pypi.org/simple" }
dependencies = [
    { name = "deprecated" },
    { name = "importlib-metadata" },
]
sdist = { url = "https://files.pythonhosted.org/packages/c9/83/93114b6de85a98963aec218a51509a52ed3f8de918fe91eb0f7299805c3f/opentelemetry_api-1.27.0.tar.gz", hash = "sha256:ed673583eaa5f81b5ce5e86ef7cdaf622f88ef65f0b9aab40b843dcae5bef342", size = 62693 }
wheels = [
    { url = "https://files.pythonhosted.org/packages/fb/1f/737dcdbc9fea2fa96c1b392ae47275165a7c641663fbb08a8d252968eed2/opentelemetry_api-1.27.0-py3-none-any.whl", hash = "sha256:953d5871815e7c30c81b56d910c707588000fff7a3ca1c73e6531911d53065e7", size = 63970 },
]

[[package]]
name = "opentelemetry-instrumentation"
version = "0.48b0"
source = { registry = "https://pypi.org/simple" }
dependencies = [
    { name = "opentelemetry-api" },
    { name = "setuptools" },
    { name = "wrapt" },
]
sdist = { url = "https://files.pythonhosted.org/packages/04/0e/d9394839af5d55c8feb3b22cd11138b953b49739b20678ca96289e30f904/opentelemetry_instrumentation-0.48b0.tar.gz", hash = "sha256:94929685d906380743a71c3970f76b5f07476eea1834abd5dd9d17abfe23cc35", size = 24724 }
wheels = [
    { url = "https://files.pythonhosted.org/packages/0a/7f/405c41d4f359121376c9d5117dcf68149b8122d3f6c718996d037bd4d800/opentelemetry_instrumentation-0.48b0-py3-none-any.whl", hash = "sha256:a69750dc4ba6a5c3eb67986a337185a25b739966d80479befe37b546fc870b44", size = 29449 },
]

[[package]]
name = "opentelemetry-instrumentation-asgi"
version = "0.48b0"
source = { registry = "https://pypi.org/simple" }
dependencies = [
    { name = "asgiref" },
    { name = "opentelemetry-api" },
    { name = "opentelemetry-instrumentation" },
    { name = "opentelemetry-semantic-conventions" },
    { name = "opentelemetry-util-http" },
]
sdist = { url = "https://files.pythonhosted.org/packages/44/ac/fd3d40bab3234ec3f5c052a815100676baaae1832fa1067935f11e5c59c6/opentelemetry_instrumentation_asgi-0.48b0.tar.gz", hash = "sha256:04c32174b23c7fa72ddfe192dad874954968a6a924608079af9952964ecdf785", size = 23435 }
wheels = [
    { url = "https://files.pythonhosted.org/packages/db/74/a0e0d38622856597dd8e630f2bd793760485eb165708e11b8be1696bbb5a/opentelemetry_instrumentation_asgi-0.48b0-py3-none-any.whl", hash = "sha256:ddb1b5fc800ae66e85a4e2eca4d9ecd66367a8c7b556169d9e7b57e10676e44d", size = 15958 },
]

[[package]]
name = "opentelemetry-instrumentation-fastapi"
version = "0.48b0"
source = { registry = "https://pypi.org/simple" }
dependencies = [
    { name = "opentelemetry-api" },
    { name = "opentelemetry-instrumentation" },
    { name = "opentelemetry-instrumentation-asgi" },
    { name = "opentelemetry-semantic-conventions" },
    { name = "opentelemetry-util-http" },
]
sdist = { url = "https://files.pythonhosted.org/packages/58/20/43477da5850ef2cd3792715d442aecd051e885e0603b6ee5783b2104ba8f/opentelemetry_instrumentation_fastapi-0.48b0.tar.gz", hash = "sha256:21a72563ea412c0b535815aeed75fc580240f1f02ebc72381cfab672648637a2", size = 18497 }
wheels = [
    { url = "https://files.pythonhosted.org/packages/ee/50/745ab075a3041b7a5f29a579d2c28eaad54f64b4589d8f9fd364c62cf0f3/opentelemetry_instrumentation_fastapi-0.48b0-py3-none-any.whl", hash = "sha256:afeb820a59e139d3e5d96619600f11ce0187658b8ae9e3480857dd790bc024f2", size = 11777 },
]

[[package]]
name = "opentelemetry-semantic-conventions"
version = "0.48b0"
source = { registry = "https://pypi.org/simple" }
dependencies = [
    { name = "deprecated" },
    { name = "opentelemetry-api" },
]
sdist = { url = "https://files.pythonhosted.org/packages/0a/89/1724ad69f7411772446067cdfa73b598694c8c91f7f8c922e344d96d81f9/opentelemetry_semantic_conventions-0.48b0.tar.gz", hash = "sha256:12d74983783b6878162208be57c9effcb89dc88691c64992d70bb89dc00daa1a", size = 89445 }
wheels = [
    { url = "https://files.pythonhosted.org/packages/b7/7a/4f0063dbb0b6c971568291a8bc19a4ca70d3c185db2d956230dd67429dfc/opentelemetry_semantic_conventions-0.48b0-py3-none-any.whl", hash = "sha256:a0de9f45c413a8669788a38569c7e0a11ce6ce97861a628cca785deecdc32a1f", size = 149685 },
]

[[package]]
name = "opentelemetry-util-http"
version = "0.48b0"
source = { registry = "https://pypi.org/simple" }
sdist = { url = "https://files.pythonhosted.org/packages/d6/d7/185c494754340e0a3928fd39fde2616ee78f2c9d66253affaad62d5b7935/opentelemetry_util_http-0.48b0.tar.gz", hash = "sha256:60312015153580cc20f322e5cdc3d3ecad80a71743235bdb77716e742814623c", size = 7863 }
wheels = [
    { url = "https://files.pythonhosted.org/packages/ad/2e/36097c0a4d0115b8c7e377c90bab7783ac183bc5cb4071308f8959454311/opentelemetry_util_http-0.48b0-py3-none-any.whl", hash = "sha256:76f598af93aab50328d2a69c786beaedc8b6a7770f7a818cc307eb353debfffb", size = 6946 },
]

[[package]]
name = "packaging"
version = "24.1"
source = { registry = "https://pypi.org/simple" }
sdist = { url = "https://files.pythonhosted.org/packages/51/65/50db4dda066951078f0a96cf12f4b9ada6e4b811516bf0262c0f4f7064d4/packaging-24.1.tar.gz", hash = "sha256:026ed72c8ed3fcce5bf8950572258698927fd1dbda10a5e981cdf0ac37f4f002", size = 148788 }
wheels = [
    { url = "https://files.pythonhosted.org/packages/08/aa/cc0199a5f0ad350994d660967a8efb233fe0416e4639146c089643407ce6/packaging-24.1-py3-none-any.whl", hash = "sha256:5b8f2217dbdbd2f7f384c41c628544e6d52f2d0f53c6d0c3ea61aa5d1d7ff124", size = 53985 },
]

[[package]]
name = "pluggy"
version = "1.5.0"
source = { registry = "https://pypi.org/simple" }
sdist = { url = "https://files.pythonhosted.org/packages/96/2d/02d4312c973c6050a18b314a5ad0b3210edb65a906f868e31c111dede4a6/pluggy-1.5.0.tar.gz", hash = "sha256:2cffa88e94fdc978c4c574f15f9e59b7f4201d439195c3715ca9e2486f1d0cf1", size = 67955 }
wheels = [
    { url = "https://files.pythonhosted.org/packages/88/5f/e351af9a41f866ac3f1fac4ca0613908d9a41741cfcf2228f4ad853b697d/pluggy-1.5.0-py3-none-any.whl", hash = "sha256:44e1ad92c8ca002de6377e165f3e0f1be63266ab4d554740532335b9d75ea669", size = 20556 },
]

[[package]]
name = "pydantic"
version = "2.9.1"
source = { registry = "https://pypi.org/simple" }
dependencies = [
    { name = "annotated-types" },
    { name = "pydantic-core" },
    { name = "typing-extensions" },
]
sdist = { url = "https://files.pythonhosted.org/packages/14/15/3d989541b9c8128b96d532cfd2dd10131ddcc75a807330c00feb3d42a5bd/pydantic-2.9.1.tar.gz", hash = "sha256:1363c7d975c7036df0db2b4a61f2e062fbc0aa5ab5f2772e0ffc7191a4f4bce2", size = 768511 }
wheels = [
    { url = "https://files.pythonhosted.org/packages/e4/28/fff23284071bc1ba419635c7e86561c8b9b8cf62a5bcb459b92d7625fd38/pydantic-2.9.1-py3-none-any.whl", hash = "sha256:7aff4db5fdf3cf573d4b3c30926a510a10e19a0774d38fc4967f78beb6deb612", size = 434363 },
]

[[package]]
name = "pydantic-core"
version = "2.23.3"
source = { registry = "https://pypi.org/simple" }
dependencies = [
    { name = "typing-extensions" },
]
sdist = { url = "https://files.pythonhosted.org/packages/5c/cc/07bec3fb337ff80eacd6028745bd858b9642f61ee58cfdbfb64451c1def0/pydantic_core-2.23.3.tar.gz", hash = "sha256:3cb0f65d8b4121c1b015c60104a685feb929a29d7cf204387c7f2688c7974690", size = 402277 }
wheels = [
    { url = "https://files.pythonhosted.org/packages/a8/fb/fc7077473d843fd70bd1e09177c3225be95621881765d6f7d123036fb9c7/pydantic_core-2.23.3-cp310-cp310-macosx_10_12_x86_64.whl", hash = "sha256:7f10a5d1b9281392f1bf507d16ac720e78285dfd635b05737c3911637601bae6", size = 1845897 },
    { url = "https://files.pythonhosted.org/packages/92/8c/c6f1a0f72328c5687acc0847baf806c4cb31c1a9321de70c3cbcbb37cece/pydantic_core-2.23.3-cp310-cp310-macosx_11_0_arm64.whl", hash = "sha256:3c09a7885dd33ee8c65266e5aa7fb7e2f23d49d8043f089989726391dd7350c5", size = 1777037 },
    { url = "https://files.pythonhosted.org/packages/bd/fc/89e2a998218230ed8c38f0ba11d8f73947df90ac59a1e9f2fb4e1ba318a5/pydantic_core-2.23.3-cp310-cp310-manylinux_2_17_aarch64.manylinux2014_aarch64.whl", hash = "sha256:6470b5a1ec4d1c2e9afe928c6cb37eb33381cab99292a708b8cb9aa89e62429b", size = 1801481 },
    { url = "https://files.pythonhosted.org/packages/d7/f3/81a5f69ea1359633876ea2283728d0afe2ed62e028d91d747dcdfabc594e/pydantic_core-2.23.3-cp310-cp310-manylinux_2_17_armv7l.manylinux2014_armv7l.whl", hash = "sha256:9172d2088e27d9a185ea0a6c8cebe227a9139fd90295221d7d495944d2367700", size = 1807280 },
    { url = "https://files.pythonhosted.org/packages/7a/91/b20f5646d7ef7c2629744b49e6fb86f839aa676b1aa11fb3998371ac5860/pydantic_core-2.23.3-cp310-cp310-manylinux_2_17_ppc64le.manylinux2014_ppc64le.whl", hash = "sha256:86fc6c762ca7ac8fbbdff80d61b2c59fb6b7d144aa46e2d54d9e1b7b0e780e01", size = 2003100 },
    { url = "https://files.pythonhosted.org/packages/89/71/59172c61f2ecd4b33276774512ef31912944429fabaa0f4483151f788a35/pydantic_core-2.23.3-cp310-cp310-manylinux_2_17_s390x.manylinux2014_s390x.whl", hash = "sha256:f0cb80fd5c2df4898693aa841425ea1727b1b6d2167448253077d2a49003e0ed", size = 2662832 },
    { url = "https://files.pythonhosted.org/packages/80/d1/c6f8e23987dc166976996a910876596635d71e529335b846880d856589fd/pydantic_core-2.23.3-cp310-cp310-manylinux_2_17_x86_64.manylinux2014_x86_64.whl", hash = "sha256:03667cec5daf43ac4995cefa8aaf58f99de036204a37b889c24a80927b629cec", size = 2057218 },
    { url = "https://files.pythonhosted.org/packages/ae/f3/f4381383b65cf16392aead51643fd5fb3feeb69972226d276ce5c6cfb948/pydantic_core-2.23.3-cp310-cp310-manylinux_2_5_i686.manylinux1_i686.whl", hash = "sha256:047531242f8e9c2db733599f1c612925de095e93c9cc0e599e96cf536aaf56ba", size = 1923455 },
    { url = "https://files.pythonhosted.org/packages/a1/8d/d845077d39e55763bdb99d64ef86f8961827f8896b6e58ce08ce6b255bde/pydantic_core-2.23.3-cp310-cp310-musllinux_1_1_aarch64.whl", hash = "sha256:5499798317fff7f25dbef9347f4451b91ac2a4330c6669821c8202fd354c7bee", size = 1966890 },
    { url = "https://files.pythonhosted.org/packages/53/f8/56355d7b1cf84df63f93b1a455ebb53fd9588edbb63a44fd4d801444a060/pydantic_core-2.23.3-cp310-cp310-musllinux_1_1_x86_64.whl", hash = "sha256:bbb5e45eab7624440516ee3722a3044b83fff4c0372efe183fd6ba678ff681fe", size = 2112163 },
    { url = "https://files.pythonhosted.org/packages/06/32/a0a7a3a318b4ae98a0e6b9e18db31fadbd3cfc46b31191e4ed4ca658e2d4/pydantic_core-2.23.3-cp310-none-win32.whl", hash = "sha256:8b5b3ed73abb147704a6e9f556d8c5cb078f8c095be4588e669d315e0d11893b", size = 1717086 },
    { url = "https://files.pythonhosted.org/packages/e3/31/38aebe234508fc30c80b4825661d3c1ef0d51b1c40a12e50855b108acd35/pydantic_core-2.23.3-cp310-none-win_amd64.whl", hash = "sha256:2b603cde285322758a0279995b5796d64b63060bfbe214b50a3ca23b5cee3e83", size = 1918933 },
    { url = "https://files.pythonhosted.org/packages/4a/60/ef8eaad365c1d94962d158633f66313e051f7b90cead647e65a96993da22/pydantic_core-2.23.3-cp311-cp311-macosx_10_12_x86_64.whl", hash = "sha256:c889fd87e1f1bbeb877c2ee56b63bb297de4636661cc9bbfcf4b34e5e925bc27", size = 1843251 },
    { url = "https://files.pythonhosted.org/packages/57/f4/20aa352e03379a3b5d6c2fb951a979f70718138ea747e3f756d63dda69da/pydantic_core-2.23.3-cp311-cp311-macosx_11_0_arm64.whl", hash = "sha256:ea85bda3189fb27503af4c45273735bcde3dd31c1ab17d11f37b04877859ef45", size = 1776367 },
    { url = "https://files.pythonhosted.org/packages/f1/b9/e5482ac4ea2d128925759d905fb05a08ca98e67ed1d8ab7401861997c6c8/pydantic_core-2.23.3-cp311-cp311-manylinux_2_17_aarch64.manylinux2014_aarch64.whl", hash = "sha256:a7f7f72f721223f33d3dc98a791666ebc6a91fa023ce63733709f4894a7dc611", size = 1800135 },
    { url = "https://files.pythonhosted.org/packages/78/9f/387353f6b6b2ed023f973cffa4e2384bb2e52d15acf5680bc70c50f6c48f/pydantic_core-2.23.3-cp311-cp311-manylinux_2_17_armv7l.manylinux2014_armv7l.whl", hash = "sha256:2b2b55b0448e9da68f56b696f313949cda1039e8ec7b5d294285335b53104b61", size = 1805896 },
    { url = "https://files.pythonhosted.org/packages/4f/70/9a153f19394e2ef749f586273ebcdb3de97e2fa97e175b957a8e5a2a77f9/pydantic_core-2.23.3-cp311-cp311-manylinux_2_17_ppc64le.manylinux2014_ppc64le.whl", hash = "sha256:c24574c7e92e2c56379706b9a3f07c1e0c7f2f87a41b6ee86653100c4ce343e5", size = 2001492 },
    { url = "https://files.pythonhosted.org/packages/a5/1c/79d976846fcdcae0c657922d0f476ca287fa694e69ac1fc9d397b831e1cc/pydantic_core-2.23.3-cp311-cp311-manylinux_2_17_s390x.manylinux2014_s390x.whl", hash = "sha256:f2b05e6ccbee333a8f4b8f4d7c244fdb7a979e90977ad9c51ea31261e2085ce0", size = 2659827 },
    { url = "https://files.pythonhosted.org/packages/fd/89/cdd76ae363cabae23a4b70df50d603c81c517415ff9d5d65e72e35251cf6/pydantic_core-2.23.3-cp311-cp311-manylinux_2_17_x86_64.manylinux2014_x86_64.whl", hash = "sha256:e2c409ce1c219c091e47cb03feb3c4ed8c2b8e004efc940da0166aaee8f9d6c8", size = 2055160 },
    { url = "https://files.pythonhosted.org/packages/1a/82/7d62c3dd4e2e101a81ac3fa138d986bfbad9727a6275fc2b4a5efb98bdbd/pydantic_core-2.23.3-cp311-cp311-manylinux_2_5_i686.manylinux1_i686.whl", hash = "sha256:d965e8b325f443ed3196db890d85dfebbb09f7384486a77461347f4adb1fa7f8", size = 1922282 },
    { url = "https://files.pythonhosted.org/packages/85/e6/ef09f395c974d08674464dd3d49066612fe7cc0466ef8ce9427cadf13e5b/pydantic_core-2.23.3-cp311-cp311-musllinux_1_1_aarch64.whl", hash = "sha256:f56af3a420fb1ffaf43ece3ea09c2d27c444e7c40dcb7c6e7cf57aae764f2b48", size = 1965827 },
    { url = "https://files.pythonhosted.org/packages/a4/5e/e589474af850c77c3180b101b54bc98bf812ad09728ba2cff4989acc9734/pydantic_core-2.23.3-cp311-cp311-musllinux_1_1_x86_64.whl", hash = "sha256:5b01a078dd4f9a52494370af21aa52964e0a96d4862ac64ff7cea06e0f12d2c5", size = 2110810 },
    { url = "https://files.pythonhosted.org/packages/e0/ff/626007d5b7ac811f9bcac6d8af3a574ccee4505c1f015d25806101842f0c/pydantic_core-2.23.3-cp311-none-win32.whl", hash = "sha256:560e32f0df04ac69b3dd818f71339983f6d1f70eb99d4d1f8e9705fb6c34a5c1", size = 1715479 },
    { url = "https://files.pythonhosted.org/packages/4f/ff/6dc33f3b71e34ef633e35d6476d245bf303fc3eaf18a00f39bb54f78faf3/pydantic_core-2.23.3-cp311-none-win_amd64.whl", hash = "sha256:c744fa100fdea0d000d8bcddee95213d2de2e95b9c12be083370b2072333a0fa", size = 1918281 },
    { url = "https://files.pythonhosted.org/packages/8f/35/6d81bc4aa7d06e716f39e2bffb0eabcbcebaf7bab94c2f8278e277ded0ea/pydantic_core-2.23.3-cp312-cp312-macosx_10_12_x86_64.whl", hash = "sha256:e0ec50663feedf64d21bad0809f5857bac1ce91deded203efc4a84b31b2e4305", size = 1845250 },
    { url = "https://files.pythonhosted.org/packages/18/42/0821cd46f76406e0fe57df7a89d6af8fddb22cce755bcc2db077773c7d1a/pydantic_core-2.23.3-cp312-cp312-macosx_11_0_arm64.whl", hash = "sha256:db6e6afcb95edbe6b357786684b71008499836e91f2a4a1e55b840955b341dbb", size = 1769993 },
    { url = "https://files.pythonhosted.org/packages/e5/55/b969088e48bd8ea588548a7194d425de74370b17b385cee4d28f5a79013d/pydantic_core-2.23.3-cp312-cp312-manylinux_2_17_aarch64.manylinux2014_aarch64.whl", hash = "sha256:98ccd69edcf49f0875d86942f4418a4e83eb3047f20eb897bffa62a5d419c8fa", size = 1791250 },
    { url = "https://files.pythonhosted.org/packages/43/c1/1d460d09c012ac76b68b2a1fd426ad624724f93b40e24a9a993763f12c61/pydantic_core-2.23.3-cp312-cp312-manylinux_2_17_armv7l.manylinux2014_armv7l.whl", hash = "sha256:a678c1ac5c5ec5685af0133262103defb427114e62eafeda12f1357a12140162", size = 1802530 },
    { url = "https://files.pythonhosted.org/packages/70/8e/fd3c9eda00fbdadca726f17a0f863ecd871a65b3a381b77277ae386d3bcd/pydantic_core-2.23.3-cp312-cp312-manylinux_2_17_ppc64le.manylinux2014_ppc64le.whl", hash = "sha256:01491d8b4d8db9f3391d93b0df60701e644ff0894352947f31fff3e52bd5c801", size = 1997848 },
    { url = "https://files.pythonhosted.org/packages/f0/67/13fa22d7b09395e83721edc31bae2bd5c5e2c36a09d470c18f5d1de46958/pydantic_core-2.23.3-cp312-cp312-manylinux_2_17_s390x.manylinux2014_s390x.whl", hash = "sha256:fcf31facf2796a2d3b7fe338fe8640aa0166e4e55b4cb108dbfd1058049bf4cb", size = 2662790 },
    { url = "https://files.pythonhosted.org/packages/fa/1b/1d689c53d15ab67cb0df1c3a2b1df873b50409581e93e4848289dce57e2f/pydantic_core-2.23.3-cp312-cp312-manylinux_2_17_x86_64.manylinux2014_x86_64.whl", hash = "sha256:7200fd561fb3be06827340da066df4311d0b6b8eb0c2116a110be5245dceb326", size = 2074114 },
    { url = "https://files.pythonhosted.org/packages/3d/d9/b565048609db77760b9a0900f6e0a3b2f33be47cd3c4a433f49653a0d2b5/pydantic_core-2.23.3-cp312-cp312-manylinux_2_5_i686.manylinux1_i686.whl", hash = "sha256:dc1636770a809dee2bd44dd74b89cc80eb41172bcad8af75dd0bc182c2666d4c", size = 1918153 },
    { url = "https://files.pythonhosted.org/packages/41/94/8ee55c51333ed8df3a6f1e73c6530c724a9a37d326e114c9e3b24faacff9/pydantic_core-2.23.3-cp312-cp312-musllinux_1_1_aarch64.whl", hash = "sha256:67a5def279309f2e23014b608c4150b0c2d323bd7bccd27ff07b001c12c2415c", size = 1969019 },
    { url = "https://files.pythonhosted.org/packages/f7/49/0233bae5778a5526cef000447a93e8d462f4f13e2214c13c5b23d379cb25/pydantic_core-2.23.3-cp312-cp312-musllinux_1_1_x86_64.whl", hash = "sha256:748bdf985014c6dd3e1e4cc3db90f1c3ecc7246ff5a3cd4ddab20c768b2f1dab", size = 2121325 },
    { url = "https://files.pythonhosted.org/packages/42/a1/2f262db2fd6f9c2c9904075a067b1764cc6f71c014be5c6c91d9de52c434/pydantic_core-2.23.3-cp312-none-win32.whl", hash = "sha256:255ec6dcb899c115f1e2a64bc9ebc24cc0e3ab097775755244f77360d1f3c06c", size = 1725252 },
    { url = "https://files.pythonhosted.org/packages/9a/00/a57937080b49500df790c4853d3e7bc605bd0784e4fcaf1a159456f37ef1/pydantic_core-2.23.3-cp312-none-win_amd64.whl", hash = "sha256:40b8441be16c1e940abebed83cd006ddb9e3737a279e339dbd6d31578b802f7b", size = 1920660 },
    { url = "https://files.pythonhosted.org/packages/e1/3c/32958c0a5d1935591b58337037a1695782e61261582d93d5a7f55441f879/pydantic_core-2.23.3-cp313-cp313-macosx_10_12_x86_64.whl", hash = "sha256:6daaf5b1ba1369a22c8b050b643250e3e5efc6a78366d323294aee54953a4d5f", size = 1845068 },
    { url = "https://files.pythonhosted.org/packages/92/a1/7e628e19b78e6ffdb2c92cccbb7eca84bfd3276cee4cafcae8833452f458/pydantic_core-2.23.3-cp313-cp313-macosx_11_0_arm64.whl", hash = "sha256:d015e63b985a78a3d4ccffd3bdf22b7c20b3bbd4b8227809b3e8e75bc37f9cb2", size = 1770095 },
    { url = "https://files.pythonhosted.org/packages/bb/17/d15fd8ce143cd1abb27be924eeff3c5c0fe3b0582f703c5a5273c11e67ce/pydantic_core-2.23.3-cp313-cp313-manylinux_2_17_aarch64.manylinux2014_aarch64.whl", hash = "sha256:a3fc572d9b5b5cfe13f8e8a6e26271d5d13f80173724b738557a8c7f3a8a3791", size = 1790964 },
    { url = "https://files.pythonhosted.org/packages/24/cc/37feff1792f09dc33207fbad3897373229279d1973c211f9562abfdf137d/pydantic_core-2.23.3-cp313-cp313-manylinux_2_17_armv7l.manylinux2014_armv7l.whl", hash = "sha256:f6bd91345b5163ee7448bee201ed7dd601ca24f43f439109b0212e296eb5b423", size = 1802384 },
    { url = "https://files.pythonhosted.org/packages/44/d8/ca9acd7f5f044d9ff6e43d7f35aab4b1d5982b4773761eabe3317fc68e30/pydantic_core-2.23.3-cp313-cp313-manylinux_2_17_ppc64le.manylinux2014_ppc64le.whl", hash = "sha256:fc379c73fd66606628b866f661e8785088afe2adaba78e6bbe80796baf708a63", size = 1997824 },
    { url = "https://files.pythonhosted.org/packages/35/0f/146269dba21b10d5bf86f9a7a7bbeab4ce1db06f466a1ab5ec3dec68b409/pydantic_core-2.23.3-cp313-cp313-manylinux_2_17_s390x.manylinux2014_s390x.whl", hash = "sha256:fbdce4b47592f9e296e19ac31667daed8753c8367ebb34b9a9bd89dacaa299c9", size = 2662907 },
    { url = "https://files.pythonhosted.org/packages/5a/7d/9573f006e39cd1a7b7716d1a264e3f4f353cf0a6042c04c01c6e31666f62/pydantic_core-2.23.3-cp313-cp313-manylinux_2_17_x86_64.manylinux2014_x86_64.whl", hash = "sha256:fc3cf31edf405a161a0adad83246568647c54404739b614b1ff43dad2b02e6d5", size = 2073953 },
    { url = "https://files.pythonhosted.org/packages/7e/a5/25200aaafd1e97e2ec3c1eb4b357669dd93911f2eba252bc60b6ba884fff/pydantic_core-2.23.3-cp313-cp313-manylinux_2_5_i686.manylinux1_i686.whl", hash = "sha256:8e22b477bf90db71c156f89a55bfe4d25177b81fce4aa09294d9e805eec13855", size = 1917822 },
    { url = "https://files.pythonhosted.org/packages/3e/b4/ac069c58e3cee70c69f03693222cc173fdf740d20d53167bceafc1efc7ca/pydantic_core-2.23.3-cp313-cp313-musllinux_1_1_aarch64.whl", hash = "sha256:0a0137ddf462575d9bce863c4c95bac3493ba8e22f8c28ca94634b4a1d3e2bb4", size = 1968838 },
    { url = "https://files.pythonhosted.org/packages/d1/3d/9f96bbd6212b4b0a6dc6d037e446208d3420baba2b2b81e544094b18a859/pydantic_core-2.23.3-cp313-cp313-musllinux_1_1_x86_64.whl", hash = "sha256:203171e48946c3164fe7691fc349c79241ff8f28306abd4cad5f4f75ed80bc8d", size = 2121468 },
    { url = "https://files.pythonhosted.org/packages/ac/50/7399d536d6600d69059a87fff89861332c97a7b3471327a3663c7576e707/pydantic_core-2.23.3-cp313-none-win32.whl", hash = "sha256:76bdab0de4acb3f119c2a4bff740e0c7dc2e6de7692774620f7452ce11ca76c8", size = 1725373 },
    { url = "https://files.pythonhosted.org/packages/24/ba/9ac8744ab636c1161c598cc5e8261379b6b0f1d63c31242bf9d5ed41ed32/pydantic_core-2.23.3-cp313-none-win_amd64.whl", hash = "sha256:37ba321ac2a46100c578a92e9a6aa33afe9ec99ffa084424291d84e456f490c1", size = 1920594 },
    { url = "https://files.pythonhosted.org/packages/c0/2d/1f4ec8614225b516366f6c4c49d55ec42ebb93004c0bc9a3e0d21d0ed3c0/pydantic_core-2.23.3-pp310-pypy310_pp73-macosx_10_12_x86_64.whl", hash = "sha256:f399e8657c67313476a121a6944311fab377085ca7f490648c9af97fc732732d", size = 1834597 },
    { url = "https://files.pythonhosted.org/packages/4d/f0/665d4cd60147992b1da0f5a9d1fd7f309c7f12999e3a494c4898165c64ab/pydantic_core-2.23.3-pp310-pypy310_pp73-macosx_11_0_arm64.whl", hash = "sha256:6b5547d098c76e1694ba85f05b595720d7c60d342f24d5aad32c3049131fa5c4", size = 1721339 },
    { url = "https://files.pythonhosted.org/packages/a7/02/7b85ae2c3452e6b9f43b89482dc2a2ba771c31d86d93c2a5a250870b243b/pydantic_core-2.23.3-pp310-pypy310_pp73-manylinux_2_17_aarch64.manylinux2014_aarch64.whl", hash = "sha256:0dda0290a6f608504882d9f7650975b4651ff91c85673341789a476b1159f211", size = 1794316 },
    { url = "https://files.pythonhosted.org/packages/61/09/f0fde8a9d66f37f3e08e03965a9833d71c4b5fb0287d8f625f88d79dfcd6/pydantic_core-2.23.3-pp310-pypy310_pp73-manylinux_2_17_x86_64.manylinux2014_x86_64.whl", hash = "sha256:65b6e5da855e9c55a0c67f4db8a492bf13d8d3316a59999cfbaf98cc6e401961", size = 1944713 },
    { url = "https://files.pythonhosted.org/packages/61/2b/0bfe144cac991700dbeaff620fed38b0565352acb342f90374ebf1350084/pydantic_core-2.23.3-pp310-pypy310_pp73-manylinux_2_5_i686.manylinux1_i686.whl", hash = "sha256:09e926397f392059ce0afdcac920df29d9c833256354d0c55f1584b0b70cf07e", size = 1916385 },
    { url = "https://files.pythonhosted.org/packages/02/4f/7d1b8a28e4a1dd96cdde9e220627abd4d3a7860eb79cc682ccf828cf93e4/pydantic_core-2.23.3-pp310-pypy310_pp73-musllinux_1_1_aarch64.whl", hash = "sha256:87cfa0ed6b8c5bd6ae8b66de941cece179281239d482f363814d2b986b79cedc", size = 1959666 },
    { url = "https://files.pythonhosted.org/packages/5d/9a/b2c520ef627001c68cf23990b2de42ba66eae58a3f56f13375ae9aecb88d/pydantic_core-2.23.3-pp310-pypy310_pp73-musllinux_1_1_x86_64.whl", hash = "sha256:e61328920154b6a44d98cabcb709f10e8b74276bc709c9a513a8c37a18786cc4", size = 2103742 },
    { url = "https://files.pythonhosted.org/packages/cd/43/b9a88a4e6454fcad63317e3dade687b68ae7d9f324c868411b1ea70218b3/pydantic_core-2.23.3-pp310-pypy310_pp73-win_amd64.whl", hash = "sha256:ce3317d155628301d649fe5e16a99528d5680af4ec7aa70b90b8dacd2d725c9b", size = 1916507 },
]

[[package]]
name = "pytest"
version = "8.3.3"
source = { registry = "https://pypi.org/simple" }
dependencies = [
    { name = "colorama", marker = "sys_platform == 'win32'" },
    { name = "exceptiongroup", marker = "python_full_version < '3.11'" },
    { name = "iniconfig" },
    { name = "packaging" },
    { name = "pluggy" },
    { name = "tomli", marker = "python_full_version < '3.11'" },
]
sdist = { url = "https://files.pythonhosted.org/packages/8b/6c/62bbd536103af674e227c41a8f3dcd022d591f6eed5facb5a0f31ee33bbc/pytest-8.3.3.tar.gz", hash = "sha256:70b98107bd648308a7952b06e6ca9a50bc660be218d53c257cc1fc94fda10181", size = 1442487 }
wheels = [
    { url = "https://files.pythonhosted.org/packages/6b/77/7440a06a8ead44c7757a64362dd22df5760f9b12dc5f11b6188cd2fc27a0/pytest-8.3.3-py3-none-any.whl", hash = "sha256:a6853c7375b2663155079443d2e45de913a911a11d669df02a50814944db57b2", size = 342341 },
]

[[package]]
name = "setuptools"
version = "75.2.0"
source = { registry = "https://pypi.org/simple" }
sdist = { url = "https://files.pythonhosted.org/packages/07/37/b31be7e4b9f13b59cde9dcaeff112d401d49e0dc5b37ed4a9fc8fb12f409/setuptools-75.2.0.tar.gz", hash = "sha256:753bb6ebf1f465a1912e19ed1d41f403a79173a9acf66a42e7e6aec45c3c16ec", size = 1350308 }
wheels = [
    { url = "https://files.pythonhosted.org/packages/31/2d/90165d51ecd38f9a02c6832198c13a4e48652485e2ccf863ebb942c531b6/setuptools-75.2.0-py3-none-any.whl", hash = "sha256:a7fcb66f68b4d9e8e66b42f9876150a3371558f98fa32222ffaa5bced76406f8", size = 1249825 },
]

[[package]]
name = "sniffio"
version = "1.3.1"
source = { registry = "https://pypi.org/simple" }
sdist = { url = "https://files.pythonhosted.org/packages/a2/87/a6771e1546d97e7e041b6ae58d80074f81b7d5121207425c964ddf5cfdbd/sniffio-1.3.1.tar.gz", hash = "sha256:f4324edc670a0f49750a81b895f35c3adb843cca46f0530f79fc1babb23789dc", size = 20372 }
wheels = [
    { url = "https://files.pythonhosted.org/packages/e9/44/75a9c9421471a6c4805dbf2356f7c181a29c1879239abab1ea2cc8f38b40/sniffio-1.3.1-py3-none-any.whl", hash = "sha256:2f6da418d1f1e0fddd844478f41680e794e6051915791a034ff65e5f100525a2", size = 10235 },
]

[[package]]
name = "starlette"
version = "0.41.0"
source = { registry = "https://pypi.org/simple" }
dependencies = [
    { name = "anyio" },
]
sdist = { url = "https://files.pythonhosted.org/packages/78/53/c3a36690a923706e7ac841f649c64f5108889ab1ec44218dac45771f252a/starlette-0.41.0.tar.gz", hash = "sha256:39cbd8768b107d68bfe1ff1672b38a2c38b49777de46d2a592841d58e3bf7c2a", size = 2573755 }
wheels = [
    { url = "https://files.pythonhosted.org/packages/35/c6/a4443bfabf5629129512ca0e07866c4c3c094079ba4e9b2551006927253c/starlette-0.41.0-py3-none-any.whl", hash = "sha256:a0193a3c413ebc9c78bff1c3546a45bb8c8bcb4a84cae8747d650a65bd37210a", size = 73216 },
]

[[package]]
name = "tomli"
version = "2.0.1"
source = { registry = "https://pypi.org/simple" }
sdist = { url = "https://files.pythonhosted.org/packages/c0/3f/d7af728f075fb08564c5949a9c95e44352e23dee646869fa104a3b2060a3/tomli-2.0.1.tar.gz", hash = "sha256:de526c12914f0c550d15924c62d72abc48d6fe7364aa87328337a31007fe8a4f", size = 15164 }
wheels = [
    { url = "https://files.pythonhosted.org/packages/97/75/10a9ebee3fd790d20926a90a2547f0bf78f371b2f13aa822c759680ca7b9/tomli-2.0.1-py3-none-any.whl", hash = "sha256:939de3e7a6161af0c887ef91b7d41a53e7c5a1ca976325f429cb46ea9bc30ecc", size = 12757 },
]

[[package]]
name = "typing-extensions"
version = "4.12.2"
source = { registry = "https://pypi.org/simple" }
sdist = { url = "https://files.pythonhosted.org/packages/df/db/f35a00659bc03fec321ba8bce9420de607a1d37f8342eee1863174c69557/typing_extensions-4.12.2.tar.gz", hash = "sha256:1a7ead55c7e559dd4dee8856e3a88b41225abfe1ce8df57b7c13915fe121ffb8", size = 85321 }
wheels = [
    { url = "https://files.pythonhosted.org/packages/26/9f/ad63fc0248c5379346306f8668cda6e2e2e9c95e01216d2b8ffd9ff037d0/typing_extensions-4.12.2-py3-none-any.whl", hash = "sha256:04e5ca0351e0f3f85c6853954072df659d0d13fac324d0072316b67d7794700d", size = 37438 },
]

[[package]]
name = "uvicorn"
version = "0.32.0"
source = { registry = "https://pypi.org/simple" }
dependencies = [
    { name = "click" },
    { name = "h11" },
    { name = "typing-extensions", marker = "python_full_version < '3.11'" },
]
sdist = { url = "https://files.pythonhosted.org/packages/e0/fc/1d785078eefd6945f3e5bab5c076e4230698046231eb0f3747bc5c8fa992/uvicorn-0.32.0.tar.gz", hash = "sha256:f78b36b143c16f54ccdb8190d0a26b5f1901fe5a3c777e1ab29f26391af8551e", size = 77564 }
wheels = [
    { url = "https://files.pythonhosted.org/packages/eb/14/78bd0e95dd2444b6caacbca2b730671d4295ccb628ef58b81bee903629df/uvicorn-0.32.0-py3-none-any.whl", hash = "sha256:60b8f3a5ac027dcd31448f411ced12b5ef452c646f76f02f8cc3f25d8d26fd82", size = 63723 },
]

[[package]]
name = "wrapt"
version = "1.16.0"
source = { registry = "https://pypi.org/simple" }
sdist = { url = "https://files.pythonhosted.org/packages/95/4c/063a912e20bcef7124e0df97282a8af3ff3e4b603ce84c481d6d7346be0a/wrapt-1.16.0.tar.gz", hash = "sha256:5f370f952971e7d17c7d1ead40e49f32345a7f7a5373571ef44d800d06b1899d", size = 53972 }
wheels = [
    { url = "https://files.pythonhosted.org/packages/a8/c6/5375258add3777494671d8cec27cdf5402abd91016dee24aa2972c61fedf/wrapt-1.16.0-cp310-cp310-macosx_10_9_x86_64.whl", hash = "sha256:ffa565331890b90056c01db69c0fe634a776f8019c143a5ae265f9c6bc4bd6d4", size = 37315 },
    { url = "https://files.pythonhosted.org/packages/32/12/e11adfde33444986135d8881b401e4de6cbb4cced046edc6b464e6ad7547/wrapt-1.16.0-cp310-cp310-macosx_11_0_arm64.whl", hash = "sha256:e4fdb9275308292e880dcbeb12546df7f3e0f96c6b41197e0cf37d2826359020", size = 38160 },
    { url = "https://files.pythonhosted.org/packages/70/7d/3dcc4a7e96f8d3e398450ec7703db384413f79bd6c0196e0e139055ce00f/wrapt-1.16.0-cp310-cp310-manylinux_2_17_aarch64.manylinux2014_aarch64.whl", hash = "sha256:bb2dee3874a500de01c93d5c71415fcaef1d858370d405824783e7a8ef5db440", size = 80419 },
    { url = "https://files.pythonhosted.org/packages/d1/c4/8dfdc3c2f0b38be85c8d9fdf0011ebad2f54e40897f9549a356bebb63a97/wrapt-1.16.0-cp310-cp310-manylinux_2_5_i686.manylinux1_i686.manylinux_2_17_i686.manylinux2014_i686.whl", hash = "sha256:2a88e6010048489cda82b1326889ec075a8c856c2e6a256072b28eaee3ccf487", size = 72669 },
    { url = "https://files.pythonhosted.org/packages/49/83/b40bc1ad04a868b5b5bcec86349f06c1ee1ea7afe51dc3e46131e4f39308/wrapt-1.16.0-cp310-cp310-manylinux_2_5_x86_64.manylinux1_x86_64.manylinux_2_17_x86_64.manylinux2014_x86_64.whl", hash = "sha256:ac83a914ebaf589b69f7d0a1277602ff494e21f4c2f743313414378f8f50a4cf", size = 80271 },
    { url = "https://files.pythonhosted.org/packages/19/d4/cd33d3a82df73a064c9b6401d14f346e1d2fb372885f0295516ec08ed2ee/wrapt-1.16.0-cp310-cp310-musllinux_1_1_aarch64.whl", hash = "sha256:73aa7d98215d39b8455f103de64391cb79dfcad601701a3aa0dddacf74911d72", size = 84748 },
    { url = "https://files.pythonhosted.org/packages/ef/58/2fde309415b5fa98fd8f5f4a11886cbf276824c4c64d45a39da342fff6fe/wrapt-1.16.0-cp310-cp310-musllinux_1_1_i686.whl", hash = "sha256:807cc8543a477ab7422f1120a217054f958a66ef7314f76dd9e77d3f02cdccd0", size = 77522 },
    { url = "https://files.pythonhosted.org/packages/07/44/359e4724a92369b88dbf09878a7cde7393cf3da885567ea898e5904049a3/wrapt-1.16.0-cp310-cp310-musllinux_1_1_x86_64.whl", hash = "sha256:bf5703fdeb350e36885f2875d853ce13172ae281c56e509f4e6eca049bdfb136", size = 84780 },
    { url = "https://files.pythonhosted.org/packages/88/8f/706f2fee019360cc1da652353330350c76aa5746b4e191082e45d6838faf/wrapt-1.16.0-cp310-cp310-win32.whl", hash = "sha256:f6b2d0c6703c988d334f297aa5df18c45e97b0af3679bb75059e0e0bd8b1069d", size = 35335 },
    { url = "https://files.pythonhosted.org/packages/19/2b/548d23362e3002ebbfaefe649b833fa43f6ca37ac3e95472130c4b69e0b4/wrapt-1.16.0-cp310-cp310-win_amd64.whl", hash = "sha256:decbfa2f618fa8ed81c95ee18a387ff973143c656ef800c9f24fb7e9c16054e2", size = 37528 },
    { url = "https://files.pythonhosted.org/packages/fd/03/c188ac517f402775b90d6f312955a5e53b866c964b32119f2ed76315697e/wrapt-1.16.0-cp311-cp311-macosx_10_9_x86_64.whl", hash = "sha256:1a5db485fe2de4403f13fafdc231b0dbae5eca4359232d2efc79025527375b09", size = 37313 },
    { url = "https://files.pythonhosted.org/packages/0f/16/ea627d7817394db04518f62934a5de59874b587b792300991b3c347ff5e0/wrapt-1.16.0-cp311-cp311-macosx_11_0_arm64.whl", hash = "sha256:75ea7d0ee2a15733684badb16de6794894ed9c55aa5e9903260922f0482e687d", size = 38164 },
    { url = "https://files.pythonhosted.org/packages/7f/a7/f1212ba098f3de0fd244e2de0f8791ad2539c03bef6c05a9fcb03e45b089/wrapt-1.16.0-cp311-cp311-manylinux_2_17_aarch64.manylinux2014_aarch64.whl", hash = "sha256:a452f9ca3e3267cd4d0fcf2edd0d035b1934ac2bd7e0e57ac91ad6b95c0c6389", size = 80890 },
    { url = "https://files.pythonhosted.org/packages/b7/96/bb5e08b3d6db003c9ab219c487714c13a237ee7dcc572a555eaf1ce7dc82/wrapt-1.16.0-cp311-cp311-manylinux_2_5_i686.manylinux1_i686.manylinux_2_17_i686.manylinux2014_i686.whl", hash = "sha256:43aa59eadec7890d9958748db829df269f0368521ba6dc68cc172d5d03ed8060", size = 73118 },
    { url = "https://files.pythonhosted.org/packages/6e/52/2da48b35193e39ac53cfb141467d9f259851522d0e8c87153f0ba4205fb1/wrapt-1.16.0-cp311-cp311-manylinux_2_5_x86_64.manylinux1_x86_64.manylinux_2_17_x86_64.manylinux2014_x86_64.whl", hash = "sha256:72554a23c78a8e7aa02abbd699d129eead8b147a23c56e08d08dfc29cfdddca1", size = 80746 },
    { url = "https://files.pythonhosted.org/packages/11/fb/18ec40265ab81c0e82a934de04596b6ce972c27ba2592c8b53d5585e6bcd/wrapt-1.16.0-cp311-cp311-musllinux_1_1_aarch64.whl", hash = "sha256:d2efee35b4b0a347e0d99d28e884dfd82797852d62fcd7ebdeee26f3ceb72cf3", size = 85668 },
    { url = "https://files.pythonhosted.org/packages/0f/ef/0ecb1fa23145560431b970418dce575cfaec555ab08617d82eb92afc7ccf/wrapt-1.16.0-cp311-cp311-musllinux_1_1_i686.whl", hash = "sha256:6dcfcffe73710be01d90cae08c3e548d90932d37b39ef83969ae135d36ef3956", size = 78556 },
    { url = "https://files.pythonhosted.org/packages/25/62/cd284b2b747f175b5a96cbd8092b32e7369edab0644c45784871528eb852/wrapt-1.16.0-cp311-cp311-musllinux_1_1_x86_64.whl", hash = "sha256:eb6e651000a19c96f452c85132811d25e9264d836951022d6e81df2fff38337d", size = 85712 },
    { url = "https://files.pythonhosted.org/packages/e5/a7/47b7ff74fbadf81b696872d5ba504966591a3468f1bc86bca2f407baef68/wrapt-1.16.0-cp311-cp311-win32.whl", hash = "sha256:66027d667efe95cc4fa945af59f92c5a02c6f5bb6012bff9e60542c74c75c362", size = 35327 },
    { url = "https://files.pythonhosted.org/packages/cf/c3/0084351951d9579ae83a3d9e38c140371e4c6b038136909235079f2e6e78/wrapt-1.16.0-cp311-cp311-win_amd64.whl", hash = "sha256:aefbc4cb0a54f91af643660a0a150ce2c090d3652cf4052a5397fb2de549cd89", size = 37523 },
    { url = "https://files.pythonhosted.org/packages/92/17/224132494c1e23521868cdd57cd1e903f3b6a7ba6996b7b8f077ff8ac7fe/wrapt-1.16.0-cp312-cp312-macosx_10_9_x86_64.whl", hash = "sha256:5eb404d89131ec9b4f748fa5cfb5346802e5ee8836f57d516576e61f304f3b7b", size = 37614 },
    { url = "https://files.pythonhosted.org/packages/6a/d7/cfcd73e8f4858079ac59d9db1ec5a1349bc486ae8e9ba55698cc1f4a1dff/wrapt-1.16.0-cp312-cp312-macosx_11_0_arm64.whl", hash = "sha256:9090c9e676d5236a6948330e83cb89969f433b1943a558968f659ead07cb3b36", size = 38316 },
    { url = "https://files.pythonhosted.org/packages/7e/79/5ff0a5c54bda5aec75b36453d06be4f83d5cd4932cc84b7cb2b52cee23e2/wrapt-1.16.0-cp312-cp312-manylinux_2_17_aarch64.manylinux2014_aarch64.whl", hash = "sha256:94265b00870aa407bd0cbcfd536f17ecde43b94fb8d228560a1e9d3041462d73", size = 86322 },
    { url = "https://files.pythonhosted.org/packages/c4/81/e799bf5d419f422d8712108837c1d9bf6ebe3cb2a81ad94413449543a923/wrapt-1.16.0-cp312-cp312-manylinux_2_5_i686.manylinux1_i686.manylinux_2_17_i686.manylinux2014_i686.whl", hash = "sha256:f2058f813d4f2b5e3a9eb2eb3faf8f1d99b81c3e51aeda4b168406443e8ba809", size = 79055 },
    { url = "https://files.pythonhosted.org/packages/62/62/30ca2405de6a20448ee557ab2cd61ab9c5900be7cbd18a2639db595f0b98/wrapt-1.16.0-cp312-cp312-manylinux_2_5_x86_64.manylinux1_x86_64.manylinux_2_17_x86_64.manylinux2014_x86_64.whl", hash = "sha256:98b5e1f498a8ca1858a1cdbffb023bfd954da4e3fa2c0cb5853d40014557248b", size = 87291 },
    { url = "https://files.pythonhosted.org/packages/49/4e/5d2f6d7b57fc9956bf06e944eb00463551f7d52fc73ca35cfc4c2cdb7aed/wrapt-1.16.0-cp312-cp312-musllinux_1_1_aarch64.whl", hash = "sha256:14d7dc606219cdd7405133c713f2c218d4252f2a469003f8c46bb92d5d095d81", size = 90374 },
    { url = "https://files.pythonhosted.org/packages/a6/9b/c2c21b44ff5b9bf14a83252a8b973fb84923764ff63db3e6dfc3895cf2e0/wrapt-1.16.0-cp312-cp312-musllinux_1_1_i686.whl", hash = "sha256:49aac49dc4782cb04f58986e81ea0b4768e4ff197b57324dcbd7699c5dfb40b9", size = 83896 },
    { url = "https://files.pythonhosted.org/packages/14/26/93a9fa02c6f257df54d7570dfe8011995138118d11939a4ecd82cb849613/wrapt-1.16.0-cp312-cp312-musllinux_1_1_x86_64.whl", hash = "sha256:418abb18146475c310d7a6dc71143d6f7adec5b004ac9ce08dc7a34e2babdc5c", size = 91738 },
    { url = "https://files.pythonhosted.org/packages/a2/5b/4660897233eb2c8c4de3dc7cefed114c61bacb3c28327e64150dc44ee2f6/wrapt-1.16.0-cp312-cp312-win32.whl", hash = "sha256:685f568fa5e627e93f3b52fda002c7ed2fa1800b50ce51f6ed1d572d8ab3e7fc", size = 35568 },
    { url = "https://files.pythonhosted.org/packages/5c/cc/8297f9658506b224aa4bd71906447dea6bb0ba629861a758c28f67428b91/wrapt-1.16.0-cp312-cp312-win_amd64.whl", hash = "sha256:dcdba5c86e368442528f7060039eda390cc4091bfd1dca41e8046af7c910dda8", size = 37653 },
    { url = "https://files.pythonhosted.org/packages/ff/21/abdedb4cdf6ff41ebf01a74087740a709e2edb146490e4d9beea054b0b7a/wrapt-1.16.0-py3-none-any.whl", hash = "sha256:6906c4100a8fcbf2fa735f6059214bb13b97f75b1a61777fcf6432121ef12ef1", size = 23362 },
]

[[package]]
name = "zipp"
version = "3.20.2"
source = { registry = "https://pypi.org/simple" }
sdist = { url = "https://files.pythonhosted.org/packages/54/bf/5c0000c44ebc80123ecbdddba1f5dcd94a5ada602a9c225d84b5aaa55e86/zipp-3.20.2.tar.gz", hash = "sha256:bc9eb26f4506fda01b81bcde0ca78103b6e62f991b381fec825435c836edbc29", size = 24199 }
wheels = [
    { url = "https://files.pythonhosted.org/packages/62/8b/5ba542fa83c90e09eac972fc9baca7a88e7e7ca4b221a89251954019308b/zipp-3.20.2-py3-none-any.whl", hash = "sha256:a817ac80d6cf4b23bf7f2828b7cabf326f15a001bea8b1f9b49631780ba28350", size = 9200 },
]
