version = 1
requires-python = ">=3.10"
resolution-markers = [
    "python_full_version < '3.13'",
    "python_full_version >= '3.13'",
]

[[package]]
name = "annotated-types"
version = "0.7.0"
source = { registry = "https://pypi.org/simple" }
sdist = { url = "https://files.pythonhosted.org/packages/ee/67/531ea369ba64dcff5ec9c3402f9f51bf748cec26dde048a2f973a4eea7f5/annotated_types-0.7.0.tar.gz", hash = "sha256:aff07c09a53a08bc8cfccb9c85b05f1aa9a2a6f23728d790723543408344ce89", size = 16081 }
wheels = [
    { url = "https://files.pythonhosted.org/packages/78/b6/6307fbef88d9b5ee7421e68d78a9f162e0da4900bc5f5793f6d3d0e34fb8/annotated_types-0.7.0-py3-none-any.whl", hash = "sha256:1f02e8b43a8fbbc3f3e0d4f0f4bfc8131bcb4eebe8849b8e5c773f3a1c582a53", size = 13643 },
]

[[package]]
name = "colorama"
version = "0.4.6"
source = { registry = "https://pypi.org/simple" }
sdist = { url = "https://files.pythonhosted.org/packages/d8/53/6f443c9a4a8358a93a6792e2acffb9d9d5cb0a5cfd8802644b7b1c9a02e4/colorama-0.4.6.tar.gz", hash = "sha256:08695f5cb7ed6e0531a20572697297273c47b8cae5a63ffc6d6ed5c201be6e44", size = 27697 }
wheels = [
    { url = "https://files.pythonhosted.org/packages/d1/d6/3965ed04c63042e047cb6a3e6ed1a63a35087b6a609aa3a15ed8ac56c221/colorama-0.4.6-py2.py3-none-any.whl", hash = "sha256:4f1d9991f5acc0ca119f9d443620b77f9d6b33703e51011c16baf57afb285fc6", size = 25335 },
]

[[package]]
name = "docstring-parser"
version = "0.16"
source = { registry = "https://pypi.org/simple" }
sdist = { url = "https://files.pythonhosted.org/packages/08/12/9c22a58c0b1e29271051222d8906257616da84135af9ed167c9e28f85cb3/docstring_parser-0.16.tar.gz", hash = "sha256:538beabd0af1e2db0146b6bd3caa526c35a34d61af9fd2887f3a8a27a739aa6e", size = 26565 }
wheels = [
    { url = "https://files.pythonhosted.org/packages/d5/7c/e9fcff7623954d86bdc17782036cbf715ecab1bec4847c008557affe1ca8/docstring_parser-0.16-py3-none-any.whl", hash = "sha256:bf0a1387354d3691d102edef7ec124f219ef639982d096e26e3b60aeffa90637", size = 36533 },
]

[[package]]
name = "exceptiongroup"
version = "1.2.2"
source = { registry = "https://pypi.org/simple" }
sdist = { url = "https://files.pythonhosted.org/packages/09/35/2495c4ac46b980e4ca1f6ad6db102322ef3ad2410b79fdde159a4b0f3b92/exceptiongroup-1.2.2.tar.gz", hash = "sha256:47c2edf7c6738fafb49fd34290706d1a1a2f4d1c6df275526b62cbb4aa5393cc", size = 28883 }
wheels = [
    { url = "https://files.pythonhosted.org/packages/02/cc/b7e31358aac6ed1ef2bb790a9746ac2c69bcb3c8588b41616914eb106eaf/exceptiongroup-1.2.2-py3-none-any.whl", hash = "sha256:3111b9d131c238bec2f8f516e123e14ba243563fb135d3fe885990585aa7795b", size = 16453 },
]

[[package]]
name = "hype"
version = "0.0.1"
source = { editable = "." }
dependencies = [
    { name = "docstring-parser" },
    { name = "pydantic" },
]

[package.optional-dependencies]
testing = [
    { name = "pytest" },
]

[package.metadata]
requires-dist = [
    { name = "docstring-parser", specifier = ">=0.16" },
    { name = "pydantic", specifier = ">=2.0" },
    { name = "pytest", marker = "extra == 'testing'" },
]

[[package]]
name = "iniconfig"
version = "2.0.0"
source = { registry = "https://pypi.org/simple" }
sdist = { url = "https://files.pythonhosted.org/packages/d7/4b/cbd8e699e64a6f16ca3a8220661b5f83792b3017d0f79807cb8708d33913/iniconfig-2.0.0.tar.gz", hash = "sha256:2d91e135bf72d31a410b17c16da610a82cb55f6b0477d1a902134b24a455b8b3", size = 4646 }
wheels = [
    { url = "https://files.pythonhosted.org/packages/ef/a6/62565a6e1cf69e10f5727360368e451d4b7f58beeac6173dc9db836a5b46/iniconfig-2.0.0-py3-none-any.whl", hash = "sha256:b6a85871a79d2e3b22d2d1b94ac2824226a63c6b741c88f7ae975f18b6778374", size = 5892 },
]

[[package]]
name = "packaging"
version = "24.1"
source = { registry = "https://pypi.org/simple" }
sdist = { url = "https://files.pythonhosted.org/packages/51/65/50db4dda066951078f0a96cf12f4b9ada6e4b811516bf0262c0f4f7064d4/packaging-24.1.tar.gz", hash = "sha256:026ed72c8ed3fcce5bf8950572258698927fd1dbda10a5e981cdf0ac37f4f002", size = 148788 }
wheels = [
    { url = "https://files.pythonhosted.org/packages/08/aa/cc0199a5f0ad350994d660967a8efb233fe0416e4639146c089643407ce6/packaging-24.1-py3-none-any.whl", hash = "sha256:5b8f2217dbdbd2f7f384c41c628544e6d52f2d0f53c6d0c3ea61aa5d1d7ff124", size = 53985 },
]

[[package]]
name = "pluggy"
version = "1.5.0"
source = { registry = "https://pypi.org/simple" }
sdist = { url = "https://files.pythonhosted.org/packages/96/2d/02d4312c973c6050a18b314a5ad0b3210edb65a906f868e31c111dede4a6/pluggy-1.5.0.tar.gz", hash = "sha256:2cffa88e94fdc978c4c574f15f9e59b7f4201d439195c3715ca9e2486f1d0cf1", size = 67955 }
wheels = [
    { url = "https://files.pythonhosted.org/packages/88/5f/e351af9a41f866ac3f1fac4ca0613908d9a41741cfcf2228f4ad853b697d/pluggy-1.5.0-py3-none-any.whl", hash = "sha256:44e1ad92c8ca002de6377e165f3e0f1be63266ab4d554740532335b9d75ea669", size = 20556 },
]

[[package]]
name = "pydantic"
version = "2.9.1"
source = { registry = "https://pypi.org/simple" }
dependencies = [
    { name = "annotated-types" },
    { name = "pydantic-core" },
    { name = "typing-extensions" },
]
sdist = { url = "https://files.pythonhosted.org/packages/14/15/3d989541b9c8128b96d532cfd2dd10131ddcc75a807330c00feb3d42a5bd/pydantic-2.9.1.tar.gz", hash = "sha256:1363c7d975c7036df0db2b4a61f2e062fbc0aa5ab5f2772e0ffc7191a4f4bce2", size = 768511 }
wheels = [
    { url = "https://files.pythonhosted.org/packages/e4/28/fff23284071bc1ba419635c7e86561c8b9b8cf62a5bcb459b92d7625fd38/pydantic-2.9.1-py3-none-any.whl", hash = "sha256:7aff4db5fdf3cf573d4b3c30926a510a10e19a0774d38fc4967f78beb6deb612", size = 434363 },
]

[[package]]
name = "pydantic-core"
version = "2.23.3"
source = { registry = "https://pypi.org/simple" }
dependencies = [
    { name = "typing-extensions" },
]
sdist = { url = "https://files.pythonhosted.org/packages/5c/cc/07bec3fb337ff80eacd6028745bd858b9642f61ee58cfdbfb64451c1def0/pydantic_core-2.23.3.tar.gz", hash = "sha256:3cb0f65d8b4121c1b015c60104a685feb929a29d7cf204387c7f2688c7974690", size = 402277 }
wheels = [
    { url = "https://files.pythonhosted.org/packages/a8/fb/fc7077473d843fd70bd1e09177c3225be95621881765d6f7d123036fb9c7/pydantic_core-2.23.3-cp310-cp310-macosx_10_12_x86_64.whl", hash = "sha256:7f10a5d1b9281392f1bf507d16ac720e78285dfd635b05737c3911637601bae6", size = 1845897 },
    { url = "https://files.pythonhosted.org/packages/92/8c/c6f1a0f72328c5687acc0847baf806c4cb31c1a9321de70c3cbcbb37cece/pydantic_core-2.23.3-cp310-cp310-macosx_11_0_arm64.whl", hash = "sha256:3c09a7885dd33ee8c65266e5aa7fb7e2f23d49d8043f089989726391dd7350c5", size = 1777037 },
    { url = "https://files.pythonhosted.org/packages/bd/fc/89e2a998218230ed8c38f0ba11d8f73947df90ac59a1e9f2fb4e1ba318a5/pydantic_core-2.23.3-cp310-cp310-manylinux_2_17_aarch64.manylinux2014_aarch64.whl", hash = "sha256:6470b5a1ec4d1c2e9afe928c6cb37eb33381cab99292a708b8cb9aa89e62429b", size = 1801481 },
    { url = "https://files.pythonhosted.org/packages/d7/f3/81a5f69ea1359633876ea2283728d0afe2ed62e028d91d747dcdfabc594e/pydantic_core-2.23.3-cp310-cp310-manylinux_2_17_armv7l.manylinux2014_armv7l.whl", hash = "sha256:9172d2088e27d9a185ea0a6c8cebe227a9139fd90295221d7d495944d2367700", size = 1807280 },
    { url = "https://files.pythonhosted.org/packages/7a/91/b20f5646d7ef7c2629744b49e6fb86f839aa676b1aa11fb3998371ac5860/pydantic_core-2.23.3-cp310-cp310-manylinux_2_17_ppc64le.manylinux2014_ppc64le.whl", hash = "sha256:86fc6c762ca7ac8fbbdff80d61b2c59fb6b7d144aa46e2d54d9e1b7b0e780e01", size = 2003100 },
    { url = "https://files.pythonhosted.org/packages/89/71/59172c61f2ecd4b33276774512ef31912944429fabaa0f4483151f788a35/pydantic_core-2.23.3-cp310-cp310-manylinux_2_17_s390x.manylinux2014_s390x.whl", hash = "sha256:f0cb80fd5c2df4898693aa841425ea1727b1b6d2167448253077d2a49003e0ed", size = 2662832 },
    { url = "https://files.pythonhosted.org/packages/80/d1/c6f8e23987dc166976996a910876596635d71e529335b846880d856589fd/pydantic_core-2.23.3-cp310-cp310-manylinux_2_17_x86_64.manylinux2014_x86_64.whl", hash = "sha256:03667cec5daf43ac4995cefa8aaf58f99de036204a37b889c24a80927b629cec", size = 2057218 },
    { url = "https://files.pythonhosted.org/packages/ae/f3/f4381383b65cf16392aead51643fd5fb3feeb69972226d276ce5c6cfb948/pydantic_core-2.23.3-cp310-cp310-manylinux_2_5_i686.manylinux1_i686.whl", hash = "sha256:047531242f8e9c2db733599f1c612925de095e93c9cc0e599e96cf536aaf56ba", size = 1923455 },
    { url = "https://files.pythonhosted.org/packages/a1/8d/d845077d39e55763bdb99d64ef86f8961827f8896b6e58ce08ce6b255bde/pydantic_core-2.23.3-cp310-cp310-musllinux_1_1_aarch64.whl", hash = "sha256:5499798317fff7f25dbef9347f4451b91ac2a4330c6669821c8202fd354c7bee", size = 1966890 },
    { url = "https://files.pythonhosted.org/packages/53/f8/56355d7b1cf84df63f93b1a455ebb53fd9588edbb63a44fd4d801444a060/pydantic_core-2.23.3-cp310-cp310-musllinux_1_1_x86_64.whl", hash = "sha256:bbb5e45eab7624440516ee3722a3044b83fff4c0372efe183fd6ba678ff681fe", size = 2112163 },
    { url = "https://files.pythonhosted.org/packages/06/32/a0a7a3a318b4ae98a0e6b9e18db31fadbd3cfc46b31191e4ed4ca658e2d4/pydantic_core-2.23.3-cp310-none-win32.whl", hash = "sha256:8b5b3ed73abb147704a6e9f556d8c5cb078f8c095be4588e669d315e0d11893b", size = 1717086 },
    { url = "https://files.pythonhosted.org/packages/e3/31/38aebe234508fc30c80b4825661d3c1ef0d51b1c40a12e50855b108acd35/pydantic_core-2.23.3-cp310-none-win_amd64.whl", hash = "sha256:2b603cde285322758a0279995b5796d64b63060bfbe214b50a3ca23b5cee3e83", size = 1918933 },
    { url = "https://files.pythonhosted.org/packages/4a/60/ef8eaad365c1d94962d158633f66313e051f7b90cead647e65a96993da22/pydantic_core-2.23.3-cp311-cp311-macosx_10_12_x86_64.whl", hash = "sha256:c889fd87e1f1bbeb877c2ee56b63bb297de4636661cc9bbfcf4b34e5e925bc27", size = 1843251 },
    { url = "https://files.pythonhosted.org/packages/57/f4/20aa352e03379a3b5d6c2fb951a979f70718138ea747e3f756d63dda69da/pydantic_core-2.23.3-cp311-cp311-macosx_11_0_arm64.whl", hash = "sha256:ea85bda3189fb27503af4c45273735bcde3dd31c1ab17d11f37b04877859ef45", size = 1776367 },
    { url = "https://files.pythonhosted.org/packages/f1/b9/e5482ac4ea2d128925759d905fb05a08ca98e67ed1d8ab7401861997c6c8/pydantic_core-2.23.3-cp311-cp311-manylinux_2_17_aarch64.manylinux2014_aarch64.whl", hash = "sha256:a7f7f72f721223f33d3dc98a791666ebc6a91fa023ce63733709f4894a7dc611", size = 1800135 },
    { url = "https://files.pythonhosted.org/packages/78/9f/387353f6b6b2ed023f973cffa4e2384bb2e52d15acf5680bc70c50f6c48f/pydantic_core-2.23.3-cp311-cp311-manylinux_2_17_armv7l.manylinux2014_armv7l.whl", hash = "sha256:2b2b55b0448e9da68f56b696f313949cda1039e8ec7b5d294285335b53104b61", size = 1805896 },
    { url = "https://files.pythonhosted.org/packages/4f/70/9a153f19394e2ef749f586273ebcdb3de97e2fa97e175b957a8e5a2a77f9/pydantic_core-2.23.3-cp311-cp311-manylinux_2_17_ppc64le.manylinux2014_ppc64le.whl", hash = "sha256:c24574c7e92e2c56379706b9a3f07c1e0c7f2f87a41b6ee86653100c4ce343e5", size = 2001492 },
    { url = "https://files.pythonhosted.org/packages/a5/1c/79d976846fcdcae0c657922d0f476ca287fa694e69ac1fc9d397b831e1cc/pydantic_core-2.23.3-cp311-cp311-manylinux_2_17_s390x.manylinux2014_s390x.whl", hash = "sha256:f2b05e6ccbee333a8f4b8f4d7c244fdb7a979e90977ad9c51ea31261e2085ce0", size = 2659827 },
    { url = "https://files.pythonhosted.org/packages/fd/89/cdd76ae363cabae23a4b70df50d603c81c517415ff9d5d65e72e35251cf6/pydantic_core-2.23.3-cp311-cp311-manylinux_2_17_x86_64.manylinux2014_x86_64.whl", hash = "sha256:e2c409ce1c219c091e47cb03feb3c4ed8c2b8e004efc940da0166aaee8f9d6c8", size = 2055160 },
    { url = "https://files.pythonhosted.org/packages/1a/82/7d62c3dd4e2e101a81ac3fa138d986bfbad9727a6275fc2b4a5efb98bdbd/pydantic_core-2.23.3-cp311-cp311-manylinux_2_5_i686.manylinux1_i686.whl", hash = "sha256:d965e8b325f443ed3196db890d85dfebbb09f7384486a77461347f4adb1fa7f8", size = 1922282 },
    { url = "https://files.pythonhosted.org/packages/85/e6/ef09f395c974d08674464dd3d49066612fe7cc0466ef8ce9427cadf13e5b/pydantic_core-2.23.3-cp311-cp311-musllinux_1_1_aarch64.whl", hash = "sha256:f56af3a420fb1ffaf43ece3ea09c2d27c444e7c40dcb7c6e7cf57aae764f2b48", size = 1965827 },
    { url = "https://files.pythonhosted.org/packages/a4/5e/e589474af850c77c3180b101b54bc98bf812ad09728ba2cff4989acc9734/pydantic_core-2.23.3-cp311-cp311-musllinux_1_1_x86_64.whl", hash = "sha256:5b01a078dd4f9a52494370af21aa52964e0a96d4862ac64ff7cea06e0f12d2c5", size = 2110810 },
    { url = "https://files.pythonhosted.org/packages/e0/ff/626007d5b7ac811f9bcac6d8af3a574ccee4505c1f015d25806101842f0c/pydantic_core-2.23.3-cp311-none-win32.whl", hash = "sha256:560e32f0df04ac69b3dd818f71339983f6d1f70eb99d4d1f8e9705fb6c34a5c1", size = 1715479 },
    { url = "https://files.pythonhosted.org/packages/4f/ff/6dc33f3b71e34ef633e35d6476d245bf303fc3eaf18a00f39bb54f78faf3/pydantic_core-2.23.3-cp311-none-win_amd64.whl", hash = "sha256:c744fa100fdea0d000d8bcddee95213d2de2e95b9c12be083370b2072333a0fa", size = 1918281 },
    { url = "https://files.pythonhosted.org/packages/8f/35/6d81bc4aa7d06e716f39e2bffb0eabcbcebaf7bab94c2f8278e277ded0ea/pydantic_core-2.23.3-cp312-cp312-macosx_10_12_x86_64.whl", hash = "sha256:e0ec50663feedf64d21bad0809f5857bac1ce91deded203efc4a84b31b2e4305", size = 1845250 },
    { url = "https://files.pythonhosted.org/packages/18/42/0821cd46f76406e0fe57df7a89d6af8fddb22cce755bcc2db077773c7d1a/pydantic_core-2.23.3-cp312-cp312-macosx_11_0_arm64.whl", hash = "sha256:db6e6afcb95edbe6b357786684b71008499836e91f2a4a1e55b840955b341dbb", size = 1769993 },
    { url = "https://files.pythonhosted.org/packages/e5/55/b969088e48bd8ea588548a7194d425de74370b17b385cee4d28f5a79013d/pydantic_core-2.23.3-cp312-cp312-manylinux_2_17_aarch64.manylinux2014_aarch64.whl", hash = "sha256:98ccd69edcf49f0875d86942f4418a4e83eb3047f20eb897bffa62a5d419c8fa", size = 1791250 },
    { url = "https://files.pythonhosted.org/packages/43/c1/1d460d09c012ac76b68b2a1fd426ad624724f93b40e24a9a993763f12c61/pydantic_core-2.23.3-cp312-cp312-manylinux_2_17_armv7l.manylinux2014_armv7l.whl", hash = "sha256:a678c1ac5c5ec5685af0133262103defb427114e62eafeda12f1357a12140162", size = 1802530 },
    { url = "https://files.pythonhosted.org/packages/70/8e/fd3c9eda00fbdadca726f17a0f863ecd871a65b3a381b77277ae386d3bcd/pydantic_core-2.23.3-cp312-cp312-manylinux_2_17_ppc64le.manylinux2014_ppc64le.whl", hash = "sha256:01491d8b4d8db9f3391d93b0df60701e644ff0894352947f31fff3e52bd5c801", size = 1997848 },
    { url = "https://files.pythonhosted.org/packages/f0/67/13fa22d7b09395e83721edc31bae2bd5c5e2c36a09d470c18f5d1de46958/pydantic_core-2.23.3-cp312-cp312-manylinux_2_17_s390x.manylinux2014_s390x.whl", hash = "sha256:fcf31facf2796a2d3b7fe338fe8640aa0166e4e55b4cb108dbfd1058049bf4cb", size = 2662790 },
    { url = "https://files.pythonhosted.org/packages/fa/1b/1d689c53d15ab67cb0df1c3a2b1df873b50409581e93e4848289dce57e2f/pydantic_core-2.23.3-cp312-cp312-manylinux_2_17_x86_64.manylinux2014_x86_64.whl", hash = "sha256:7200fd561fb3be06827340da066df4311d0b6b8eb0c2116a110be5245dceb326", size = 2074114 },
    { url = "https://files.pythonhosted.org/packages/3d/d9/b565048609db77760b9a0900f6e0a3b2f33be47cd3c4a433f49653a0d2b5/pydantic_core-2.23.3-cp312-cp312-manylinux_2_5_i686.manylinux1_i686.whl", hash = "sha256:dc1636770a809dee2bd44dd74b89cc80eb41172bcad8af75dd0bc182c2666d4c", size = 1918153 },
    { url = "https://files.pythonhosted.org/packages/41/94/8ee55c51333ed8df3a6f1e73c6530c724a9a37d326e114c9e3b24faacff9/pydantic_core-2.23.3-cp312-cp312-musllinux_1_1_aarch64.whl", hash = "sha256:67a5def279309f2e23014b608c4150b0c2d323bd7bccd27ff07b001c12c2415c", size = 1969019 },
    { url = "https://files.pythonhosted.org/packages/f7/49/0233bae5778a5526cef000447a93e8d462f4f13e2214c13c5b23d379cb25/pydantic_core-2.23.3-cp312-cp312-musllinux_1_1_x86_64.whl", hash = "sha256:748bdf985014c6dd3e1e4cc3db90f1c3ecc7246ff5a3cd4ddab20c768b2f1dab", size = 2121325 },
    { url = "https://files.pythonhosted.org/packages/42/a1/2f262db2fd6f9c2c9904075a067b1764cc6f71c014be5c6c91d9de52c434/pydantic_core-2.23.3-cp312-none-win32.whl", hash = "sha256:255ec6dcb899c115f1e2a64bc9ebc24cc0e3ab097775755244f77360d1f3c06c", size = 1725252 },
    { url = "https://files.pythonhosted.org/packages/9a/00/a57937080b49500df790c4853d3e7bc605bd0784e4fcaf1a159456f37ef1/pydantic_core-2.23.3-cp312-none-win_amd64.whl", hash = "sha256:40b8441be16c1e940abebed83cd006ddb9e3737a279e339dbd6d31578b802f7b", size = 1920660 },
    { url = "https://files.pythonhosted.org/packages/e1/3c/32958c0a5d1935591b58337037a1695782e61261582d93d5a7f55441f879/pydantic_core-2.23.3-cp313-cp313-macosx_10_12_x86_64.whl", hash = "sha256:6daaf5b1ba1369a22c8b050b643250e3e5efc6a78366d323294aee54953a4d5f", size = 1845068 },
    { url = "https://files.pythonhosted.org/packages/92/a1/7e628e19b78e6ffdb2c92cccbb7eca84bfd3276cee4cafcae8833452f458/pydantic_core-2.23.3-cp313-cp313-macosx_11_0_arm64.whl", hash = "sha256:d015e63b985a78a3d4ccffd3bdf22b7c20b3bbd4b8227809b3e8e75bc37f9cb2", size = 1770095 },
    { url = "https://files.pythonhosted.org/packages/bb/17/d15fd8ce143cd1abb27be924eeff3c5c0fe3b0582f703c5a5273c11e67ce/pydantic_core-2.23.3-cp313-cp313-manylinux_2_17_aarch64.manylinux2014_aarch64.whl", hash = "sha256:a3fc572d9b5b5cfe13f8e8a6e26271d5d13f80173724b738557a8c7f3a8a3791", size = 1790964 },
    { url = "https://files.pythonhosted.org/packages/24/cc/37feff1792f09dc33207fbad3897373229279d1973c211f9562abfdf137d/pydantic_core-2.23.3-cp313-cp313-manylinux_2_17_armv7l.manylinux2014_armv7l.whl", hash = "sha256:f6bd91345b5163ee7448bee201ed7dd601ca24f43f439109b0212e296eb5b423", size = 1802384 },
    { url = "https://files.pythonhosted.org/packages/44/d8/ca9acd7f5f044d9ff6e43d7f35aab4b1d5982b4773761eabe3317fc68e30/pydantic_core-2.23.3-cp313-cp313-manylinux_2_17_ppc64le.manylinux2014_ppc64le.whl", hash = "sha256:fc379c73fd66606628b866f661e8785088afe2adaba78e6bbe80796baf708a63", size = 1997824 },
    { url = "https://files.pythonhosted.org/packages/35/0f/146269dba21b10d5bf86f9a7a7bbeab4ce1db06f466a1ab5ec3dec68b409/pydantic_core-2.23.3-cp313-cp313-manylinux_2_17_s390x.manylinux2014_s390x.whl", hash = "sha256:fbdce4b47592f9e296e19ac31667daed8753c8367ebb34b9a9bd89dacaa299c9", size = 2662907 },
    { url = "https://files.pythonhosted.org/packages/5a/7d/9573f006e39cd1a7b7716d1a264e3f4f353cf0a6042c04c01c6e31666f62/pydantic_core-2.23.3-cp313-cp313-manylinux_2_17_x86_64.manylinux2014_x86_64.whl", hash = "sha256:fc3cf31edf405a161a0adad83246568647c54404739b614b1ff43dad2b02e6d5", size = 2073953 },
    { url = "https://files.pythonhosted.org/packages/7e/a5/25200aaafd1e97e2ec3c1eb4b357669dd93911f2eba252bc60b6ba884fff/pydantic_core-2.23.3-cp313-cp313-manylinux_2_5_i686.manylinux1_i686.whl", hash = "sha256:8e22b477bf90db71c156f89a55bfe4d25177b81fce4aa09294d9e805eec13855", size = 1917822 },
    { url = "https://files.pythonhosted.org/packages/3e/b4/ac069c58e3cee70c69f03693222cc173fdf740d20d53167bceafc1efc7ca/pydantic_core-2.23.3-cp313-cp313-musllinux_1_1_aarch64.whl", hash = "sha256:0a0137ddf462575d9bce863c4c95bac3493ba8e22f8c28ca94634b4a1d3e2bb4", size = 1968838 },
    { url = "https://files.pythonhosted.org/packages/d1/3d/9f96bbd6212b4b0a6dc6d037e446208d3420baba2b2b81e544094b18a859/pydantic_core-2.23.3-cp313-cp313-musllinux_1_1_x86_64.whl", hash = "sha256:203171e48946c3164fe7691fc349c79241ff8f28306abd4cad5f4f75ed80bc8d", size = 2121468 },
    { url = "https://files.pythonhosted.org/packages/ac/50/7399d536d6600d69059a87fff89861332c97a7b3471327a3663c7576e707/pydantic_core-2.23.3-cp313-none-win32.whl", hash = "sha256:76bdab0de4acb3f119c2a4bff740e0c7dc2e6de7692774620f7452ce11ca76c8", size = 1725373 },
    { url = "https://files.pythonhosted.org/packages/24/ba/9ac8744ab636c1161c598cc5e8261379b6b0f1d63c31242bf9d5ed41ed32/pydantic_core-2.23.3-cp313-none-win_amd64.whl", hash = "sha256:37ba321ac2a46100c578a92e9a6aa33afe9ec99ffa084424291d84e456f490c1", size = 1920594 },
    { url = "https://files.pythonhosted.org/packages/c0/2d/1f4ec8614225b516366f6c4c49d55ec42ebb93004c0bc9a3e0d21d0ed3c0/pydantic_core-2.23.3-pp310-pypy310_pp73-macosx_10_12_x86_64.whl", hash = "sha256:f399e8657c67313476a121a6944311fab377085ca7f490648c9af97fc732732d", size = 1834597 },
    { url = "https://files.pythonhosted.org/packages/4d/f0/665d4cd60147992b1da0f5a9d1fd7f309c7f12999e3a494c4898165c64ab/pydantic_core-2.23.3-pp310-pypy310_pp73-macosx_11_0_arm64.whl", hash = "sha256:6b5547d098c76e1694ba85f05b595720d7c60d342f24d5aad32c3049131fa5c4", size = 1721339 },
    { url = "https://files.pythonhosted.org/packages/a7/02/7b85ae2c3452e6b9f43b89482dc2a2ba771c31d86d93c2a5a250870b243b/pydantic_core-2.23.3-pp310-pypy310_pp73-manylinux_2_17_aarch64.manylinux2014_aarch64.whl", hash = "sha256:0dda0290a6f608504882d9f7650975b4651ff91c85673341789a476b1159f211", size = 1794316 },
    { url = "https://files.pythonhosted.org/packages/61/09/f0fde8a9d66f37f3e08e03965a9833d71c4b5fb0287d8f625f88d79dfcd6/pydantic_core-2.23.3-pp310-pypy310_pp73-manylinux_2_17_x86_64.manylinux2014_x86_64.whl", hash = "sha256:65b6e5da855e9c55a0c67f4db8a492bf13d8d3316a59999cfbaf98cc6e401961", size = 1944713 },
    { url = "https://files.pythonhosted.org/packages/61/2b/0bfe144cac991700dbeaff620fed38b0565352acb342f90374ebf1350084/pydantic_core-2.23.3-pp310-pypy310_pp73-manylinux_2_5_i686.manylinux1_i686.whl", hash = "sha256:09e926397f392059ce0afdcac920df29d9c833256354d0c55f1584b0b70cf07e", size = 1916385 },
    { url = "https://files.pythonhosted.org/packages/02/4f/7d1b8a28e4a1dd96cdde9e220627abd4d3a7860eb79cc682ccf828cf93e4/pydantic_core-2.23.3-pp310-pypy310_pp73-musllinux_1_1_aarch64.whl", hash = "sha256:87cfa0ed6b8c5bd6ae8b66de941cece179281239d482f363814d2b986b79cedc", size = 1959666 },
    { url = "https://files.pythonhosted.org/packages/5d/9a/b2c520ef627001c68cf23990b2de42ba66eae58a3f56f13375ae9aecb88d/pydantic_core-2.23.3-pp310-pypy310_pp73-musllinux_1_1_x86_64.whl", hash = "sha256:e61328920154b6a44d98cabcb709f10e8b74276bc709c9a513a8c37a18786cc4", size = 2103742 },
    { url = "https://files.pythonhosted.org/packages/cd/43/b9a88a4e6454fcad63317e3dade687b68ae7d9f324c868411b1ea70218b3/pydantic_core-2.23.3-pp310-pypy310_pp73-win_amd64.whl", hash = "sha256:ce3317d155628301d649fe5e16a99528d5680af4ec7aa70b90b8dacd2d725c9b", size = 1916507 },
]

[[package]]
name = "pytest"
version = "8.3.3"
source = { registry = "https://pypi.org/simple" }
dependencies = [
    { name = "colorama", marker = "sys_platform == 'win32'" },
    { name = "exceptiongroup", marker = "python_full_version < '3.11'" },
    { name = "iniconfig" },
    { name = "packaging" },
    { name = "pluggy" },
    { name = "tomli", marker = "python_full_version < '3.11'" },
]
sdist = { url = "https://files.pythonhosted.org/packages/8b/6c/62bbd536103af674e227c41a8f3dcd022d591f6eed5facb5a0f31ee33bbc/pytest-8.3.3.tar.gz", hash = "sha256:70b98107bd648308a7952b06e6ca9a50bc660be218d53c257cc1fc94fda10181", size = 1442487 }
wheels = [
    { url = "https://files.pythonhosted.org/packages/6b/77/7440a06a8ead44c7757a64362dd22df5760f9b12dc5f11b6188cd2fc27a0/pytest-8.3.3-py3-none-any.whl", hash = "sha256:a6853c7375b2663155079443d2e45de913a911a11d669df02a50814944db57b2", size = 342341 },
]

[[package]]
name = "tomli"
version = "2.0.1"
source = { registry = "https://pypi.org/simple" }
sdist = { url = "https://files.pythonhosted.org/packages/c0/3f/d7af728f075fb08564c5949a9c95e44352e23dee646869fa104a3b2060a3/tomli-2.0.1.tar.gz", hash = "sha256:de526c12914f0c550d15924c62d72abc48d6fe7364aa87328337a31007fe8a4f", size = 15164 }
wheels = [
    { url = "https://files.pythonhosted.org/packages/97/75/10a9ebee3fd790d20926a90a2547f0bf78f371b2f13aa822c759680ca7b9/tomli-2.0.1-py3-none-any.whl", hash = "sha256:939de3e7a6161af0c887ef91b7d41a53e7c5a1ca976325f429cb46ea9bc30ecc", size = 12757 },
]

[[package]]
name = "typing-extensions"
version = "4.12.2"
source = { registry = "https://pypi.org/simple" }
sdist = { url = "https://files.pythonhosted.org/packages/df/db/f35a00659bc03fec321ba8bce9420de607a1d37f8342eee1863174c69557/typing_extensions-4.12.2.tar.gz", hash = "sha256:1a7ead55c7e559dd4dee8856e3a88b41225abfe1ce8df57b7c13915fe121ffb8", size = 85321 }
wheels = [
    { url = "https://files.pythonhosted.org/packages/26/9f/ad63fc0248c5379346306f8668cda6e2e2e9c95e01216d2b8ffd9ff037d0/typing_extensions-4.12.2-py3-none-any.whl", hash = "sha256:04e5ca0351e0f3f85c6853954072df659d0d13fac324d0072316b67d7794700d", size = 37438 },
]
